# auto-generated by grc.converter

id: doa_capon_ccf
label: PCA DOA
category: '[doa]'

parameters:
-   id: vlen
    label: Vector Length
    dtype: int
    default: '1'
    hide: ${ 'part' if vlen == 1 else 'none' }

inputs:
-   label: in0
    domain: stream
    dtype: complex
    vlen: ${ vlen }
-   label: in1
    domain: stream
    dtype: complex
    vlen: ${ vlen }

outputs:
-   domain: stream
    dtype: float

templates:
    imports: import doa
    make: doa.capon_ccf(${vlen})

file_format: 1
