# auto-generated by grc.converter

id: doa_arrow_f
label: DOA Arrow
category: '[doa]'

parameters:
-   id: gui_hint
    label: GUI Hint
    dtype: gui_hint
    hide: part

inputs:
-   domain: stream
    dtype: float

templates:
    imports: import doa
    # make: doa.arrow_f()
    make: |-
        <% win = 'self.%s'%id %>doa.arrow_f()
        ${gui_hint() % win}

file_format: 1
