# auto-generated by grc.converter

id: doa_phase2doa_ff
label: Phase to DOA
category: '[doa]'

parameters:
-   id: alpha
    label: Alpha
    dtype: float
    default: '0.5'

inputs:
-   domain: stream
    dtype: float

outputs:
-   domain: stream
    dtype: float

templates:
    imports: import doa
    make: doa.phase2doa_ff(${alpha})

file_format: 1
