# auto-generated by grc.converter

id: doa_timestamp_ccf
label: Timestamp
category: '[doa]'

inputs:
-   domain: stream
    dtype: float

outputs:
-   label: data
    domain: stream
    dtype: float
-   label: time
    domain: stream
    dtype: float

templates:
    imports: import doa
    make: doa.timestamp_ccf()

file_format: 1
